// !$*UTF8*$!
{
	archiveVersion = 1;
	classes = {
	};
	objectVersion = 50;
	objects = {

/* Begin PBXBuildFile section */
		27289AA82237E9A700A82E6C /* AppDelegate.swift in Sources */ = {isa = PBXBuildFile; fileRef = 27289AA72237E9A700A82E6C /* AppDelegate.swift */; };
		27289AAA2237E9A700A82E6C /* PostsViewController.swift in Sources */ = {isa = PBXBuildFile; fileRef = 27289AA92237E9A700A82E6C /* PostsViewController.swift */; };
		27289AAD2237E9A700A82E6C /* Main.storyboard in Resources */ = {isa = PBXBuildFile; fileRef = 27289AAB2237E9A700A82E6C /* Main.storyboard */; };
		27289AAF2237E9A900A82E6C /* Assets.xcassets in Resources */ = {isa = PBXBuildFile; fileRef = 27289AAE2237E9A900A82E6C /* Assets.xcassets */; };
		27289AB22237E9A900A82E6C /* LaunchScreen.storyboard in Resources */ = {isa = PBXBuildFile; fileRef = 27289AB02237E9A900A82E6C /* LaunchScreen.storyboard */; };
		27289ABA2237EAFB00A82E6C /* PostsTableViewCell.swift in Sources */ = {isa = PBXBuildFile; fileRef = 27289AB92237EAFB00A82E6C /* PostsTableViewCell.swift */; };
		27289ABC2237EB5500A82E6C /* PostModel.swift in Sources */ = {isa = PBXBuildFile; fileRef = 27289ABB2237EB5500A82E6C /* PostModel.swift */; };
/* End PBXBuildFile section */

/* Begin PBXFileReference section */
		27289AA42237E9A700A82E6C /* laborator2.app */ = {isa = PBXFileReference; explicitFileType = wrapper.application; includeInIndex = 0; path = laborator2.app; sourceTree = BUILT_PRODUCTS_DIR; };
		27289AA72237E9A700A82E6C /* AppDelegate.swift */ = {isa = PBXFileReference; lastKnownFileType = sourcecode.swift; path = AppDelegate.swift; sourceTree = "<group>"; };
		27289AA92237E9A700A82E6C /* PostsViewController.swift */ = {isa = PBXFileReference; lastKnownFileType = sourcecode.swift; path = PostsViewController.swift; sourceTree = "<group>"; };
		27289AAC2237E9A700A82E6C /* Base */ = {isa = PBXFileReference; lastKnownFileType = file.storyboard; name = Base; path = Base.lproj/Main.storyboard; sourceTree = "<group>"; };
		27289AAE2237E9A900A82E6C /* Assets.xcassets */ = {isa = PBXFileReference; lastKnownFileType = folder.assetcatalog; path = Assets.xcassets; sourceTree = "<group>"; };
		27289AB12237E9A900A82E6C /* Base */ = {isa = PBXFileReference; lastKnownFileType = file.storyboard; name = Base; path = Base.lproj/LaunchScreen.storyboard; sourceTree = "<group>"; };
		27289AB32237E9A900A82E6C /* Info.plist */ = {isa = PBXFileReference; lastKnownFileType = text.plist.xml; path = Info.plist; sourceTree = "<group>"; };
		27289AB92237EAFB00A82E6C /* PostsTableViewCell.swift */ = {isa = PBXFileReference; lastKnownFileType = sourcecode.swift; path = PostsTableViewCell.swift; sourceTree = "<group>"; };
		27289ABB2237EB5500A82E6C /* PostModel.swift */ = {isa = PBXFileReference; lastKnownFileType = sourcecode.swift; path = PostModel.swift; sourceTree = "<group>"; };
/* End PBXFileReference section */

/* Begin PBXFrameworksBuildPhase section */
		27289AA12237E9A700A82E6C /* Frameworks */ = {
			isa = PBXFrameworksBuildPhase;
			buildActionMask = 2147483647;
			files = (
			);
			runOnlyForDeploymentPostprocessing = 0;
		};
/* End PBXFrameworksBuildPhase section */

/* Begin PBXGroup section */
		27289A9B2237E9A700A82E6C = {
			isa = PBXGroup;
			children = (
				27289AA62237E9A700A82E6C /* laborator2 */,
				27289AA52237E9A700A82E6C /* Products */,
			);
			sourceTree = "<group>";
		};
		27289AA52237E9A700A82E6C /* Products */ = {
			isa = PBXGroup;
			children = (
				27289AA42237E9A700A82E6C /* laborator2.app */,
			);
			name = Products;
			sourceTree = "<group>";
		};
		27289AA62237E9A700A82E6C /* laborator2 */ = {
			isa = PBXGroup;
			children = (
				27289AA72237E9A700A82E6C /* AppDelegate.swift */,
				27289AA92237E9A700A82E6C /* PostsViewController.swift */,
				27289AAB2237E9A700A82E6C /* Main.storyboard */,
				27289AAE2237E9A900A82E6C /* Assets.xcassets */,
				27289AB02237E9A900A82E6C /* LaunchScreen.storyboard */,
				27289AB32237E9A900A82E6C /* Info.plist */,
				27289AB92237EAFB00A82E6C /* PostsTableViewCell.swift */,
				27289ABB2237EB5500A82E6C /* PostModel.swift */,
			);
			path = laborator2;
			sourceTree = "<group>";
		};
/* End PBXGroup section */

/* Begin PBXNativeTarget section */
		27289AA32237E9A700A82E6C /* laborator2 */ = {
			isa = PBXNativeTarget;
			buildConfigurationList = 27289AB62237E9A900A82E6C /* Build configuration list for PBXNativeTarget "laborator2" */;
			buildPhases = (
				27289AA02237E9A700A82E6C /* Sources */,
				27289AA12237E9A700A82E6C /* Frameworks */,
				27289AA22237E9A700A82E6C /* Resources */,
			);
			buildRules = (
			);
			dependencies = (
			);
			name = laborator2;
			productName = laborator2;
			productReference = 27289AA42237E9A700A82E6C /* laborator2.app */;
			productType = "com.apple.product-type.application";
		};
/* End PBXNativeTarget section */

/* Begin PBXProject section */
		27289A9C2237E9A700A82E6C /* Project object */ = {
			isa = PBXProject;
			attributes = {
				LastSwiftUpdateCheck = 1010;
				LastUpgradeCheck = 1010;
				ORGANIZATIONNAME = laborator;
				TargetAttributes = {
					27289AA32237E9A700A82E6C = {
						CreatedOnToolsVersion = 10.1;
					};
				};
			};
			buildConfigurationList = 27289A9F2237E9A700A82E6C /* Build configuration list for PBXProject "laborator2" */;
			compatibilityVersion = "Xcode 9.3";
			developmentRegion = en;
			hasScannedForEncodings = 0;
			knownRegions = (
				en,
				Base,
			);
			mainGroup = 27289A9B2237E9A700A82E6C;
			productRefGroup = 27289AA52237E9A700A82E6C /* Products */;
			projectDirPath = "";
			projectRoot = "";
			targets = (
				27289AA32237E9A700A82E6C /* laborator2 */,
			);
		};
/* End PBXProject section */

/* Begin PBXResourcesBuildPhase section */
		27289AA22237E9A700A82E6C /* Resources */ = {
			isa = PBXResourcesBuildPhase;
			buildActionMask = 2147483647;
			files = (
				27289AB22237E9A900A82E6C /* LaunchScreen.storyboard in Resources */,
				27289AAF2237E9A900A82E6C /* Assets.xcassets in Resources */,
				27289AAD2237E9A700A82E6C /* Main.storyboard in Resources */,
			);
			runOnlyForDeploymentPostprocessing = 0;
		};
/* End PBXResourcesBuildPhase section */

/* Begin PBXSourcesBuildPhase section */
		27289AA02237E9A700A82E6C /* Sources */ = {
			isa = PBXSourcesBuildPhase;
			buildActionMask = 2147483647;
			files = (
				27289ABA2237EAFB00A82E6C /* PostsTableViewCell.swift in Sources */,
				27289ABC2237EB5500A82E6C /* PostModel.swift in Sources */,
				27289AAA2237E9A700A82E6C /* PostsViewController.swift in Sources */,
				27289AA82237E9A700A82E6C /* AppDelegate.swift in Sources */,
			);
			runOnlyForDeploymentPostprocessing = 0;
		};
/* End PBXSourcesBuildPhase section */

/* Begin PBXVariantGroup section */
		27289AAB2237E9A700A82E6C /* Main.storyboard */ = {
			isa = PBXVariantGroup;
			children = (
				27289AAC2237E9A700A82E6C /* Base */,
			);
			name = Main.storyboard;
			sourceTree = "<group>";
		};
		27289AB02237E9A900A82E6C /* LaunchScreen.storyboard */ = {
			isa = PBXVariantGroup;
			children = (
				27289AB12237E9A900A82E6C /* Base */,
			);
			name = LaunchScreen.storyboard;
			sourceTree = "<group>";
		};
/* End PBXVariantGroup section */

/* Begin XCBuildConfiguration section */
		27289AB42237E9A900A82E6C /* Debug */ = {
			isa = XCBuildConfiguration;
			buildSettings = {
				ALWAYS_SEARCH_USER_PATHS = NO;
				CLANG_ANALYZER_NONNULL = YES;
				CLANG_ANALYZER_NUMBER_OBJECT_CONVERSION = YES_AGGRESSIVE;
				CLANG_CXX_LANGUAGE_STANDARD = "gnu++14";
				CLANG_CXX_LIBRARY = "libc++";
				CLANG_ENABLE_MODULES = YES;
				CLANG_ENABLE_OBJC_ARC = YES;
				CLANG_ENABLE_OBJC_WEAK = YES;
				CLANG_WARN_BLOCK_CAPTURE_AUTORELEASING = YES;
				CLANG_WARN_BOOL_CONVERSION = YES;
				CLANG_WARN_COMMA = YES;
				CLANG_WARN_CONSTANT_CONVERSION = YES;
				CLANG_WARN_DEPRECATED_OBJC_IMPLEMENTATIONS = YES;
				CLANG_WARN_DIRECT_OBJC_ISA_USAGE = YES_ERROR;
				CLANG_WARN_DOCUMENTATION_COMMENTS = YES;
				CLANG_WARN_EMPTY_BODY = YES;
				CLANG_WARN_ENUM_CONVERSION = YES;
				CLANG_WARN_INFINITE_RECURSION = YES;
				CLANG_WARN_INT_CONVERSION = YES;
				CLANG_WARN_NON_LITERAL_NULL_CONVERSION = YES;
				CLANG_WARN_OBJC_IMPLICIT_RETAIN_SELF = YES;
				CLANG_WARN_OBJC_LITERAL_CONVERSION = YES;
				CLANG_WARN_OBJC_ROOT_CLASS = YES_ERROR;
				CLANG_WARN_RANGE_LOOP_ANALYSIS = YES;
				CLANG_WARN_STRICT_PROTOTYPES = YES;
				CLANG_WARN_SUSPICIOUS_MOVE = YES;
				CLANG_WARN_UNGUARDED_AVAILABILITY = YES_AGGRESSIVE;
				CLANG_WARN_UNREACHABLE_CODE = YES;
				CLANG_WARN__DUPLICATE_METHOD_MATCH = YES;
				CODE_SIGN_IDENTITY = "iPhone Developer";
				COPY_PHASE_STRIP = NO;
				DEBUG_INFORMATION_FORMAT = dwarf;
				ENABLE_STRICT_OBJC_MSGSEND = YES;
				ENABLE_TESTABILITY = YES;
				GCC_C_LANGUAGE_STANDARD = gnu11;
				GCC_DYNAMIC_NO_PIC = NO;
				GCC_NO_COMMON_BLOCKS = YES;
				GCC_OPTIMIZATION_LEVEL = 0;
				GCC_PREPROCESSOR_DEFINITIONS = (
					"DEBUG=1",
					"$(inherited)",
				);
				GCC_WARN_64_TO_32_BIT_CONVERSION = YES;
				GCC_WARN_ABOUT_RETURN_TYPE = YES_ERROR;
				GCC_WARN_UNDECLARED_SELECTOR = YES;
				GCC_WARN_UNINITIALIZED_AUTOS = YES_AGGRESSIVE;
				GCC_WARN_UNUSED_FUNCTION = YES;
				GCC_WARN_UNUSED_VARIABLE = YES;
				IPHONEOS_DEPLOYMENT_TARGET = 12.1;
				MTL_ENABLE_DEBUG_INFO = INCLUDE_SOURCE;
				MTL_FAST_MATH = YES;
				ONLY_ACTIVE_ARCH = YES;
				SDKROOT = iphoneos;
				SWIFT_ACTIVE_COMPILATION_CONDITIONS = DEBUG;
				SWIFT_OPTIMIZATION_LEVEL = "-Onone";
			};
			name = Debug;
		};
		27289AB52237E9A900A82E6C /* Release */ = {
			isa = XCBuildConfiguration;
			buildSettings = {
				ALWAYS_SEARCH_USER_PATHS = NO;
				CLANG_ANALYZER_NONNULL = YES;
				CLANG_ANALYZER_NUMBER_OBJECT_CONVERSION = YES_AGGRESSIVE;
				CLANG_CXX_LANGUAGE_STANDARD = "gnu++14";
				CLANG_CXX_LIBRARY = "libc++";
				CLANG_ENABLE_MODULES = YES;
				CLANG_ENABLE_OBJC_ARC = YES;
				CLANG_ENABLE_OBJC_WEAK = YES;
				CLANG_WARN_BLOCK_CAPTURE_AUTORELEASING = YES;
				CLANG_WARN_BOOL_CONVERSION = YES;
				CLANG_WARN_COMMA = YES;
				CLANG_WARN_CONSTANT_CONVERSION = YES;
				CLANG_WARN_DEPRECATED_OBJC_IMPLEMENTATIONS = YES;
				CLANG_WARN_DIRECT_OBJC_ISA_USAGE = YES_ERROR;
				CLANG_WARN_DOCUMENTATION_COMMENTS = YES;
				CLANG_WARN_EMPTY_BODY = YES;
				CLANG_WARN_ENUM_CONVERSION = YES;
				CLANG_WARN_INFINITE_RECURSION = YES;
				CLANG_WARN_INT_CONVERSION = YES;
				CLANG_WARN_NON_LITERAL_NULL_CONVERSION = YES;
				CLANG_WARN_OBJC_IMPLICIT_RETAIN_SELF = YES;
				CLANG_WARN_OBJC_LITERAL_CONVERSION = YES;
				CLANG_WARN_OBJC_ROOT_CLASS = YES_ERROR;
				CLANG_WARN_RANGE_LOOP_ANALYSIS = YES;
				CLANG_WARN_STRICT_PROTOTYPES = YES;
				CLANG_WARN_SUSPICIOUS_MOVE = YES;
				CLANG_WARN_UNGUARDED_AVAILABILITY = YES_AGGRESSIVE;
				CLANG_WARN_UNREACHABLE_CODE = YES;
				CLANG_WARN__DUPLICATE_METHOD_MATCH = YES;
				CODE_SIGN_IDENTITY = "iPhone Developer";
				COPY_PHASE_STRIP = NO;
				DEBUG_INFORMATION_FORMAT = "dwarf-with-dsym";
				ENABLE_NS_ASSERTIONS = NO;
				ENABLE_STRICT_OBJC_MSGSEND = YES;
				GCC_C_LANGUAGE_STANDARD = gnu11;
				GCC_NO_COMMON_BLOCKS = YES;
				GCC_WARN_64_TO_32_BIT_CONVERSION = YES;
				GCC_WARN_ABOUT_RETURN_TYPE = YES_ERROR;
				GCC_WARN_UNDECLARED_SELECTOR = YES;
				GCC_WARN_UNINITIALIZED_AUTOS = YES_AGGRESSIVE;
				GCC_WARN_UNUSED_FUNCTION = YES;
				GCC_WARN_UNUSED_VARIABLE = YES;
				IPHONEOS_DEPLOYMENT_TARGET = 12.1;
				MTL_ENABLE_DEBUG_INFO = NO;
				MTL_FAST_MATH = YES;
				SDKROOT = iphoneos;
				SWIFT_COMPILATION_MODE = wholemodule;
				SWIFT_OPTIMIZATION_LEVEL = "-O";
				VALIDATE_PRODUCT = YES;
			};
			name = Release;
		};
		27289AB72237E9A900A82E6C /* Debug */ = {
			isa = XCBuildConfiguration;
			buildSettings = {
				ASSETCATALOG_COMPILER_APPICON_NAME = AppIcon;
				CODE_SIGN_STYLE = Automatic;
				DEVELOPMENT_TEAM = 6M27TE2HPU;
				INFOPLIST_FILE = laborator2/Info.plist;
				LD_RUNPATH_SEARCH_PATHS = (
					"$(inherited)",
					"@executable_path/Frameworks",
				);
				PRODUCT_BUNDLE_IDENTIFIER = ios.laborator2;
				PRODUCT_NAME = "$(TARGET_NAME)";
				SWIFT_VERSION = 4.2;
				TARGETED_DEVICE_FAMILY = "1,2";
			};
			name = Debug;
		};
		27289AB82237E9A900A82E6C /* Release */ = {
			isa = XCBuildConfiguration;
			buildSettings = {
				ASSETCATALOG_COMPILER_APPICON_NAME = AppIcon;
				CODE_SIGN_STYLE = Automatic;
				DEVELOPMENT_TEAM = 6M27TE2HPU;
				INFOPLIST_FILE = laborator2/Info.plist;
				LD_RUNPATH_SEARCH_PATHS = (
					"$(inherited)",
					"@executable_path/Frameworks",
				);
				PRODUCT_BUNDLE_IDENTIFIER = ios.laborator2;
				PRODUCT_NAME = "$(TARGET_NAME)";
				SWIFT_VERSION = 4.2;
				TARGETED_DEVICE_FAMILY = "1,2";
			};
			name = Release;
		};
/* End XCBuildConfiguration section */

/* Begin XCConfigurationList section */
		27289A9F2237E9A700A82E6C /* Build configuration list for PBXProject "laborator2" */ = {
			isa = XCConfigurationList;
			buildConfigurations = (
				27289AB42237E9A900A82E6C /* Debug */,
				27289AB52237E9A900A82E6C /* Release */,
			);
			defaultConfigurationIsVisible = 0;
			defaultConfigurationName = Release;
		};
		27289AB62237E9A900A82E6C /* Build configuration list for PBXNativeTarget "laborator2" */ = {
			isa = XCConfigurationList;
			buildConfigurations = (
				27289AB72237E9A900A82E6C /* Debug */,
				27289AB82237E9A900A82E6C /* Release */,
			);
			defaultConfigurationIsVisible = 0;
			defaultConfigurationName = Release;
		};
/* End XCConfigurationList section */
	};
	rootObject = 27289A9C2237E9A700A82E6C /* Project object */;
}
